// !$*UTF8*$!
{
	archiveVersion = 1;
	classes = {
	};
	objectVersion = 56;
	objects = {

/* Begin PBXBuildFile section */
		40159BF62B287FE800CB1222 /* AdventOfCodeApp.swift in Sources */ = {isa = PBXBuildFile; fileRef = 40159BF52B287FE800CB1222 /* AdventOfCodeApp.swift */; };
		40159BF82B287FE800CB1222 /* ContentView.swift in Sources */ = {isa = PBXBuildFile; fileRef = 40159BF72B287FE800CB1222 /* ContentView.swift */; };
		40159BFA2B287FE900CB1222 /* Assets.xcassets in Resources */ = {isa = PBXBuildFile; fileRef = 40159BF92B287FE900CB1222 /* Assets.xcassets */; };
		40159BFD2B287FE900CB1222 /* Preview Assets.xcassets in Resources */ = {isa = PBXBuildFile; fileRef = 40159BFC2B287FE900CB1222 /* Preview Assets.xcassets */; };
		406661D62B288080003DCC2A /* Day1.swift in Sources */ = {isa = PBXBuildFile; fileRef = 406661D52B288080003DCC2A /* Day1.swift */; };
		406661D82B28808C003DCC2A /* Input-1.swift in Sources */ = {isa = PBXBuildFile; fileRef = 406661D72B28808C003DCC2A /* Input-1.swift */; };
		406661DE2B288221003DCC2A /* Collection+convenience.swift in Sources */ = {isa = PBXBuildFile; fileRef = 406661DD2B288221003DCC2A /* Collection+convenience.swift */; };
		406661E02B28826A003DCC2A /* String+Convenience.swift in Sources */ = {isa = PBXBuildFile; fileRef = 406661DF2B28826A003DCC2A /* String+Convenience.swift */; };
		406661E22B2882E3003DCC2A /* Day2.swift in Sources */ = {isa = PBXBuildFile; fileRef = 406661E12B2882E3003DCC2A /* Day2.swift */; };
		406661E42B2882EB003DCC2A /* Input-2.swift in Sources */ = {isa = PBXBuildFile; fileRef = 406661E32B2882EB003DCC2A /* Input-2.swift */; };
		406661E62B2882F3003DCC2A /* Input-3.swift in Sources */ = {isa = PBXBuildFile; fileRef = 406661E52B2882F3003DCC2A /* Input-3.swift */; };
		406661E82B2882FB003DCC2A /* Day3.swift in Sources */ = {isa = PBXBuildFile; fileRef = 406661E72B2882FB003DCC2A /* Day3.swift */; };
		406661EB2B2884C2003DCC2A /* Base in Resources */ = {isa = PBXBuildFile; fileRef = 406661EA2B2884C2003DCC2A /* Base */; };
/* End PBXBuildFile section */

/* Begin PBXFileReference section */
		40159BF22B287FE800CB1222 /* Advent of Code.app */ = {isa = PBXFileReference; explicitFileType = wrapper.application; includeInIndex = 0; path = "Advent of Code.app"; sourceTree = BUILT_PRODUCTS_DIR; };
		40159BF52B287FE800CB1222 /* AdventOfCodeApp.swift */ = {isa = PBXFileReference; lastKnownFileType = sourcecode.swift; path = AdventOfCodeApp.swift; sourceTree = "<group>"; };
		40159BF72B287FE800CB1222 /* ContentView.swift */ = {isa = PBXFileReference; lastKnownFileType = sourcecode.swift; path = ContentView.swift; sourceTree = "<group>"; };
		40159BF92B287FE900CB1222 /* Assets.xcassets */ = {isa = PBXFileReference; lastKnownFileType = folder.assetcatalog; path = Assets.xcassets; sourceTree = "<group>"; };
		40159BFC2B287FE900CB1222 /* Preview Assets.xcassets */ = {isa = PBXFileReference; lastKnownFileType = folder.assetcatalog; path = "Preview Assets.xcassets"; sourceTree = "<group>"; };
		406661D52B288080003DCC2A /* Day1.swift */ = {isa = PBXFileReference; fileEncoding = 4; lastKnownFileType = sourcecode.swift; path = Day1.swift; sourceTree = "<group>"; };
		406661D72B28808C003DCC2A /* Input-1.swift */ = {isa = PBXFileReference; fileEncoding = 4; lastKnownFileType = sourcecode.swift; path = "Input-1.swift"; sourceTree = "<group>"; };
		406661DD2B288221003DCC2A /* Collection+convenience.swift */ = {isa = PBXFileReference; fileEncoding = 4; lastKnownFileType = sourcecode.swift; path = "Collection+convenience.swift"; sourceTree = "<group>"; };
		406661DF2B28826A003DCC2A /* String+Convenience.swift */ = {isa = PBXFileReference; lastKnownFileType = sourcecode.swift; path = "String+Convenience.swift"; sourceTree = "<group>"; };
		406661E12B2882E3003DCC2A /* Day2.swift */ = {isa = PBXFileReference; lastKnownFileType = sourcecode.swift; path = Day2.swift; sourceTree = "<group>"; };
		406661E32B2882EB003DCC2A /* Input-2.swift */ = {isa = PBXFileReference; fileEncoding = 4; lastKnownFileType = sourcecode.swift; path = "Input-2.swift"; sourceTree = "<group>"; };
		406661E52B2882F3003DCC2A /* Input-3.swift */ = {isa = PBXFileReference; fileEncoding = 4; lastKnownFileType = sourcecode.swift; path = "Input-3.swift"; sourceTree = "<group>"; };
		406661E72B2882FB003DCC2A /* Day3.swift */ = {isa = PBXFileReference; lastKnownFileType = sourcecode.swift; path = Day3.swift; sourceTree = "<group>"; };
		406661EA2B2884C2003DCC2A /* Base */ = {isa = PBXFileReference; lastKnownFileType = text; path = Base; sourceTree = "<group>"; };
/* End PBXFileReference section */

/* Begin PBXFrameworksBuildPhase section */
		40159BEF2B287FE800CB1222 /* Frameworks */ = {
			isa = PBXFrameworksBuildPhase;
			buildActionMask = 2147483647;
			files = (
			);
			runOnlyForDeploymentPostprocessing = 0;
		};
/* End PBXFrameworksBuildPhase section */

/* Begin PBXGroup section */
		40159BE92B287FE800CB1222 = {
			isa = PBXGroup;
			children = (
				40159BF42B287FE800CB1222 /* Advent of Code */,
				40159BF32B287FE800CB1222 /* Products */,
			);
			sourceTree = "<group>";
		};
		40159BF32B287FE800CB1222 /* Products */ = {
			isa = PBXGroup;
			children = (
				40159BF22B287FE800CB1222 /* Advent of Code.app */,
			);
			name = Products;
			sourceTree = "<group>";
		};
		40159BF42B287FE800CB1222 /* Advent of Code */ = {
			isa = PBXGroup;
			children = (
				406661BA2B28801F003DCC2A /* App */,
				406661BC2B288024003DCC2A /* Days */,
				406661BB2B288022003DCC2A /* Helpers */,
				40159BFB2B287FE900CB1222 /* Preview Content */,
			);
			path = "Advent of Code";
			sourceTree = "<group>";
		};
		40159BFB2B287FE900CB1222 /* Preview Content */ = {
			isa = PBXGroup;
			children = (
				40159BFC2B287FE900CB1222 /* Preview Assets.xcassets */,
			);
			path = "Preview Content";
			sourceTree = "<group>";
		};
		406661BA2B28801F003DCC2A /* App */ = {
			isa = PBXGroup;
			children = (
				40159BF52B287FE800CB1222 /* AdventOfCodeApp.swift */,
				40159BF72B287FE800CB1222 /* ContentView.swift */,
				40159BF92B287FE900CB1222 /* Assets.xcassets */,
			);
			path = App;
			sourceTree = "<group>";
		};
		406661BB2B288022003DCC2A /* Helpers */ = {
			isa = PBXGroup;
			children = (
				406661DD2B288221003DCC2A /* Collection+convenience.swift */,
				406661DF2B28826A003DCC2A /* String+Convenience.swift */,
			);
			path = Helpers;
			sourceTree = "<group>";
		};
		406661BC2B288024003DCC2A /* Days */ = {
			isa = PBXGroup;
			children = (
				406661EA2B2884C2003DCC2A /* Base */,
				406661CD2B28805D003DCC2A /* Day1 */,
				406661CF2B288063003DCC2A /* Day2 */,
				406661D02B288066003DCC2A /* Day3 */,
				406661D12B288069003DCC2A /* Day4 */,
				406661D22B28806C003DCC2A /* Day5 */,
				406661D32B28806F003DCC2A /* Day6 */,
			);
			path = Days;
			sourceTree = "<group>";
		};
		406661CD2B28805D003DCC2A /* Day1 */ = {
			isa = PBXGroup;
			children = (
				406661D52B288080003DCC2A /* Day1.swift */,
				406661D72B28808C003DCC2A /* Input-1.swift */,
			);
			path = Day1;
			sourceTree = "<group>";
		};
		406661CF2B288063003DCC2A /* Day2 */ = {
			isa = PBXGroup;
			children = (
				406661E12B2882E3003DCC2A /* Day2.swift */,
				406661E32B2882EB003DCC2A /* Input-2.swift */,
			);
			path = Day2;
			sourceTree = "<group>";
		};
		406661D02B288066003DCC2A /* Day3 */ = {
			isa = PBXGroup;
			children = (
				406661E72B2882FB003DCC2A /* Day3.swift */,
				406661E52B2882F3003DCC2A /* Input-3.swift */,
			);
			path = Day3;
			sourceTree = "<group>";
		};
		406661D12B288069003DCC2A /* Day4 */ = {
			isa = PBXGroup;
			children = (
			);
			path = Day4;
			sourceTree = "<group>";
		};
		406661D22B28806C003DCC2A /* Day5 */ = {
			isa = PBXGroup;
			children = (
			);
			path = Day5;
			sourceTree = "<group>";
		};
		406661D32B28806F003DCC2A /* Day6 */ = {
			isa = PBXGroup;
			children = (
			);
			path = Day6;
			sourceTree = "<group>";
		};
/* End PBXGroup section */

/* Begin PBXNativeTarget section */
		40159BF12B287FE800CB1222 /* Advent of Code */ = {
			isa = PBXNativeTarget;
			buildConfigurationList = 40159C002B287FE900CB1222 /* Build configuration list for PBXNativeTarget "Advent of Code" */;
			buildPhases = (
				40159BEE2B287FE800CB1222 /* Sources */,
				40159BEF2B287FE800CB1222 /* Frameworks */,
				40159BF02B287FE800CB1222 /* Resources */,
			);
			buildRules = (
			);
			dependencies = (
			);
			name = "Advent of Code";
			productName = "Advent of Code";
			productReference = 40159BF22B287FE800CB1222 /* Advent of Code.app */;
			productType = "com.apple.product-type.application";
		};
/* End PBXNativeTarget section */

/* Begin PBXProject section */
		40159BEA2B287FE800CB1222 /* Project object */ = {
			isa = PBXProject;
			attributes = {
				BuildIndependentTargetsInParallel = 1;
				LastSwiftUpdateCheck = 1510;
				LastUpgradeCheck = 1510;
				TargetAttributes = {
					40159BF12B287FE800CB1222 = {
						CreatedOnToolsVersion = 15.1;
					};
				};
			};
			buildConfigurationList = 40159BED2B287FE800CB1222 /* Build configuration list for PBXProject "Advent of Code" */;
			compatibilityVersion = "Xcode 14.0";
			developmentRegion = en;
			hasScannedForEncodings = 0;
			knownRegions = (
				en,
				Base,
			);
			mainGroup = 40159BE92B287FE800CB1222;
			productRefGroup = 40159BF32B287FE800CB1222 /* Products */;
			projectDirPath = "";
			projectRoot = "";
			targets = (
				40159BF12B287FE800CB1222 /* Advent of Code */,
			);
		};
/* End PBXProject section */

/* Begin PBXResourcesBuildPhase section */
		40159BF02B287FE800CB1222 /* Resources */ = {
			isa = PBXResourcesBuildPhase;
			buildActionMask = 2147483647;
			files = (
				40159BFD2B287FE900CB1222 /* Preview Assets.xcassets in Resources */,
				406661EB2B2884C2003DCC2A /* Base in Resources */,
				40159BFA2B287FE900CB1222 /* Assets.xcassets in Resources */,
			);
			runOnlyForDeploymentPostprocessing = 0;
		};
/* End PBXResourcesBuildPhase section */

/* Begin PBXSourcesBuildPhase section */
		40159BEE2B287FE800CB1222 /* Sources */ = {
			isa = PBXSourcesBuildPhase;
			buildActionMask = 2147483647;
			files = (
				406661DE2B288221003DCC2A /* Collection+convenience.swift in Sources */,
				40159BF82B287FE800CB1222 /* ContentView.swift in Sources */,
				406661E02B28826A003DCC2A /* String+Convenience.swift in Sources */,
				406661E22B2882E3003DCC2A /* Day2.swift in Sources */,
				406661D62B288080003DCC2A /* Day1.swift in Sources */,
				406661E62B2882F3003DCC2A /* Input-3.swift in Sources */,
				406661E82B2882FB003DCC2A /* Day3.swift in Sources */,
				406661D82B28808C003DCC2A /* Input-1.swift in Sources */,
				40159BF62B287FE800CB1222 /* AdventOfCodeApp.swift in Sources */,
				406661E42B2882EB003DCC2A /* Input-2.swift in Sources */,
			);
			runOnlyForDeploymentPostprocessing = 0;
		};
/* End PBXSourcesBuildPhase section */

/* Begin XCBuildConfiguration section */
		40159BFE2B287FE900CB1222 /* Debug */ = {
			isa = XCBuildConfiguration;
			buildSettings = {
				ALWAYS_SEARCH_USER_PATHS = NO;
				ASSETCATALOG_COMPILER_GENERATE_SWIFT_ASSET_SYMBOL_EXTENSIONS = YES;
				CLANG_ANALYZER_NONNULL = YES;
				CLANG_ANALYZER_NUMBER_OBJECT_CONVERSION = YES_AGGRESSIVE;
				CLANG_CXX_LANGUAGE_STANDARD = "gnu++20";
				CLANG_ENABLE_MODULES = YES;
				CLANG_ENABLE_OBJC_ARC = YES;
				CLANG_ENABLE_OBJC_WEAK = YES;
				CLANG_WARN_BLOCK_CAPTURE_AUTORELEASING = YES;
				CLANG_WARN_BOOL_CONVERSION = YES;
				CLANG_WARN_COMMA = YES;
				CLANG_WARN_CONSTANT_CONVERSION = YES;
				CLANG_WARN_DEPRECATED_OBJC_IMPLEMENTATIONS = YES;
				CLANG_WARN_DIRECT_OBJC_ISA_USAGE = YES_ERROR;
				CLANG_WARN_DOCUMENTATION_COMMENTS = YES;
				CLANG_WARN_EMPTY_BODY = YES;
				CLANG_WARN_ENUM_CONVERSION = YES;
				CLANG_WARN_INFINITE_RECURSION = YES;
				CLANG_WARN_INT_CONVERSION = YES;
				CLANG_WARN_NON_LITERAL_NULL_CONVERSION = YES;
				CLANG_WARN_OBJC_IMPLICIT_RETAIN_SELF = YES;
				CLANG_WARN_OBJC_LITERAL_CONVERSION = YES;
				CLANG_WARN_OBJC_ROOT_CLASS = YES_ERROR;
				CLANG_WARN_QUOTED_INCLUDE_IN_FRAMEWORK_HEADER = YES;
				CLANG_WARN_RANGE_LOOP_ANALYSIS = YES;
				CLANG_WARN_STRICT_PROTOTYPES = YES;
				CLANG_WARN_SUSPICIOUS_MOVE = YES;
				CLANG_WARN_UNGUARDED_AVAILABILITY = YES_AGGRESSIVE;
				CLANG_WARN_UNREACHABLE_CODE = YES;
				CLANG_WARN__DUPLICATE_METHOD_MATCH = YES;
				COPY_PHASE_STRIP = NO;
				DEBUG_INFORMATION_FORMAT = dwarf;
				ENABLE_STRICT_OBJC_MSGSEND = YES;
				ENABLE_TESTABILITY = YES;
				ENABLE_USER_SCRIPT_SANDBOXING = YES;
				GCC_C_LANGUAGE_STANDARD = gnu17;
				GCC_DYNAMIC_NO_PIC = NO;
				GCC_NO_COMMON_BLOCKS = YES;
				GCC_OPTIMIZATION_LEVEL = 0;
				GCC_PREPROCESSOR_DEFINITIONS = (
					"DEBUG=1",
					"$(inherited)",
				);
				GCC_WARN_64_TO_32_BIT_CONVERSION = YES;
				GCC_WARN_ABOUT_RETURN_TYPE = YES_ERROR;
				GCC_WARN_UNDECLARED_SELECTOR = YES;
				GCC_WARN_UNINITIALIZED_AUTOS = YES_AGGRESSIVE;
				GCC_WARN_UNUSED_FUNCTION = YES;
				GCC_WARN_UNUSED_VARIABLE = YES;
				IPHONEOS_DEPLOYMENT_TARGET = 17.2;
				LOCALIZATION_PREFERS_STRING_CATALOGS = YES;
				MTL_ENABLE_DEBUG_INFO = INCLUDE_SOURCE;
				MTL_FAST_MATH = YES;
				ONLY_ACTIVE_ARCH = YES;
				SDKROOT = iphoneos;
				SWIFT_ACTIVE_COMPILATION_CONDITIONS = "DEBUG $(inherited)";
				SWIFT_OPTIMIZATION_LEVEL = "-Onone";
			};
			name = Debug;
		};
		40159BFF2B287FE900CB1222 /* Release */ = {
			isa = XCBuildConfiguration;
			buildSettings = {
				ALWAYS_SEARCH_USER_PATHS = NO;
				ASSETCATALOG_COMPILER_GENERATE_SWIFT_ASSET_SYMBOL_EXTENSIONS = YES;
				CLANG_ANALYZER_NONNULL = YES;
				CLANG_ANALYZER_NUMBER_OBJECT_CONVERSION = YES_AGGRESSIVE;
				CLANG_CXX_LANGUAGE_STANDARD = "gnu++20";
				CLANG_ENABLE_MODULES = YES;
				CLANG_ENABLE_OBJC_ARC = YES;
				CLANG_ENABLE_OBJC_WEAK = YES;
				CLANG_WARN_BLOCK_CAPTURE_AUTORELEASING = YES;
				CLANG_WARN_BOOL_CONVERSION = YES;
				CLANG_WARN_COMMA = YES;
				CLANG_WARN_CONSTANT_CONVERSION = YES;
				CLANG_WARN_DEPRECATED_OBJC_IMPLEMENTATIONS = YES;
				CLANG_WARN_DIRECT_OBJC_ISA_USAGE = YES_ERROR;
				CLANG_WARN_DOCUMENTATION_COMMENTS = YES;
				CLANG_WARN_EMPTY_BODY = YES;
				CLANG_WARN_ENUM_CONVERSION = YES;
				CLANG_WARN_INFINITE_RECURSION = YES;
				CLANG_WARN_INT_CONVERSION = YES;
				CLANG_WARN_NON_LITERAL_NULL_CONVERSION = YES;
				CLANG_WARN_OBJC_IMPLICIT_RETAIN_SELF = YES;
				CLANG_WARN_OBJC_LITERAL_CONVERSION = YES;
				CLANG_WARN_OBJC_ROOT_CLASS = YES_ERROR;
				CLANG_WARN_QUOTED_INCLUDE_IN_FRAMEWORK_HEADER = YES;
				CLANG_WARN_RANGE_LOOP_ANALYSIS = YES;
				CLANG_WARN_STRICT_PROTOTYPES = YES;
				CLANG_WARN_SUSPICIOUS_MOVE = YES;
				CLANG_WARN_UNGUARDED_AVAILABILITY = YES_AGGRESSIVE;
				CLANG_WARN_UNREACHABLE_CODE = YES;
				CLANG_WARN__DUPLICATE_METHOD_MATCH = YES;
				COPY_PHASE_STRIP = NO;
				DEBUG_INFORMATION_FORMAT = "dwarf-with-dsym";
				ENABLE_NS_ASSERTIONS = NO;
				ENABLE_STRICT_OBJC_MSGSEND = YES;
				ENABLE_USER_SCRIPT_SANDBOXING = YES;
				GCC_C_LANGUAGE_STANDARD = gnu17;
				GCC_NO_COMMON_BLOCKS = YES;
				GCC_WARN_64_TO_32_BIT_CONVERSION = YES;
				GCC_WARN_ABOUT_RETURN_TYPE = YES_ERROR;
				GCC_WARN_UNDECLARED_SELECTOR = YES;
				GCC_WARN_UNINITIALIZED_AUTOS = YES_AGGRESSIVE;
				GCC_WARN_UNUSED_FUNCTION = YES;
				GCC_WARN_UNUSED_VARIABLE = YES;
				IPHONEOS_DEPLOYMENT_TARGET = 17.2;
				LOCALIZATION_PREFERS_STRING_CATALOGS = YES;
				MTL_ENABLE_DEBUG_INFO = NO;
				MTL_FAST_MATH = YES;
				SDKROOT = iphoneos;
				SWIFT_COMPILATION_MODE = wholemodule;
				VALIDATE_PRODUCT = YES;
			};
			name = Release;
		};
		40159C012B287FE900CB1222 /* Debug */ = {
			isa = XCBuildConfiguration;
			buildSettings = {
				ASSETCATALOG_COMPILER_APPICON_NAME = AppIcon;
				ASSETCATALOG_COMPILER_GLOBAL_ACCENT_COLOR_NAME = AccentColor;
				CODE_SIGN_STYLE = Automatic;
				CURRENT_PROJECT_VERSION = 1;
				DEVELOPMENT_ASSET_PATHS = "\"Advent of Code/Preview Content\"";
				DEVELOPMENT_TEAM = LS55K535D9;
				ENABLE_PREVIEWS = YES;
				GENERATE_INFOPLIST_FILE = YES;
				INFOPLIST_KEY_UIApplicationSceneManifest_Generation = YES;
				INFOPLIST_KEY_UIApplicationSupportsIndirectInputEvents = YES;
				INFOPLIST_KEY_UILaunchScreen_Generation = YES;
				INFOPLIST_KEY_UISupportedInterfaceOrientations_iPad = "UIInterfaceOrientationPortrait UIInterfaceOrientationPortraitUpsideDown UIInterfaceOrientationLandscapeLeft UIInterfaceOrientationLandscapeRight";
				INFOPLIST_KEY_UISupportedInterfaceOrientations_iPhone = "UIInterfaceOrientationPortrait UIInterfaceOrientationLandscapeLeft UIInterfaceOrientationLandscapeRight";
				LD_RUNPATH_SEARCH_PATHS = (
					"$(inherited)",
					"@executable_path/Frameworks",
				);
				MARKETING_VERSION = 1.0;
				PRODUCT_BUNDLE_IDENTIFIER = "com.brenovaladao.Advent-of-Code";
				PRODUCT_NAME = "$(TARGET_NAME)";
				SWIFT_EMIT_LOC_STRINGS = YES;
				SWIFT_VERSION = 5.0;
				TARGETED_DEVICE_FAMILY = "1,2";
			};
			name = Debug;
		};
		40159C022B287FE900CB1222 /* Release */ = {
			isa = XCBuildConfiguration;
			buildSettings = {
				ASSETCATALOG_COMPILER_APPICON_NAME = AppIcon;
				ASSETCATALOG_COMPILER_GLOBAL_ACCENT_COLOR_NAME = AccentColor;
				CODE_SIGN_STYLE = Automatic;
				CURRENT_PROJECT_VERSION = 1;
				DEVELOPMENT_ASSET_PATHS = "\"Advent of Code/Preview Content\"";
				DEVELOPMENT_TEAM = LS55K535D9;
				ENABLE_PREVIEWS = YES;
				GENERATE_INFOPLIST_FILE = YES;
				INFOPLIST_KEY_UIApplicationSceneManifest_Generation = YES;
				INFOPLIST_KEY_UIApplicationSupportsIndirectInputEvents = YES;
				INFOPLIST_KEY_UILaunchScreen_Generation = YES;
				INFOPLIST_KEY_UISupportedInterfaceOrientations_iPad = "UIInterfaceOrientationPortrait UIInterfaceOrientationPortraitUpsideDown UIInterfaceOrientationLandscapeLeft UIInterfaceOrientationLandscapeRight";
				INFOPLIST_KEY_UISupportedInterfaceOrientations_iPhone = "UIInterfaceOrientationPortrait UIInterfaceOrientationLandscapeLeft UIInterfaceOrientationLandscapeRight";
				LD_RUNPATH_SEARCH_PATHS = (
					"$(inherited)",
					"@executable_path/Frameworks",
				);
				MARKETING_VERSION = 1.0;
				PRODUCT_BUNDLE_IDENTIFIER = "com.brenovaladao.Advent-of-Code";
				PRODUCT_NAME = "$(TARGET_NAME)";
				SWIFT_EMIT_LOC_STRINGS = YES;
				SWIFT_VERSION = 5.0;
				TARGETED_DEVICE_FAMILY = "1,2";
			};
			name = Release;
		};
/* End XCBuildConfiguration section */

/* Begin XCConfigurationList section */
		40159BED2B287FE800CB1222 /* Build configuration list for PBXProject "Advent of Code" */ = {
			isa = XCConfigurationList;
			buildConfigurations = (
				40159BFE2B287FE900CB1222 /* Debug */,
				40159BFF2B287FE900CB1222 /* Release */,
			);
			defaultConfigurationIsVisible = 0;
			defaultConfigurationName = Release;
		};
		40159C002B287FE900CB1222 /* Build configuration list for PBXNativeTarget "Advent of Code" */ = {
			isa = XCConfigurationList;
			buildConfigurations = (
				40159C012B287FE900CB1222 /* Debug */,
				40159C022B287FE900CB1222 /* Release */,
			);
			defaultConfigurationIsVisible = 0;
			defaultConfigurationName = Release;
		};
/* End XCConfigurationList section */
	};
	rootObject = 40159BEA2B287FE800CB1222 /* Project object */;
}
